// !$*UTF8*$!
{
	archiveVersion = 1;
	classes = {
	};
	objectVersion = 51;
	objects = {

/* Begin PBXBuildFile section */
		0A150C652613157800900000 /* AppDelegate.swift in Sources */ = {isa = PBXBuildFile; fileRef = 0A150C642613157800900000 /* AppDelegate.swift */; };
		0A150C672613157800900000 /* SceneDelegate.swift in Sources */ = {isa = PBXBuildFile; fileRef = 0A150C662613157800900000 /* SceneDelegate.swift */; };
		0A150C6C2613157800900000 /* Main.storyboard in Resources */ = {isa = PBXBuildFile; fileRef = 0A150C6A2613157800900000 /* Main.storyboard */; };
		0A150C6E2613157800900000 /* Assets.xcassets in Resources */ = {isa = PBXBuildFile; fileRef = 0A150C6D2613157800900000 /* Assets.xcassets */; };
		0A150C712613157800900000 /* LaunchScreen.storyboard in Resources */ = {isa = PBXBuildFile; fileRef = 0A150C6F2613157800900000 /* LaunchScreen.storyboard */; };
		0A150C7C2613157800900000 /* MapsTestTests.swift in Sources */ = {isa = PBXBuildFile; fileRef = 0A150C7B2613157800900000 /* MapsTestTests.swift */; };
		0A150C872613157800900000 /* MapsTestUITests.swift in Sources */ = {isa = PBXBuildFile; fileRef = 0A150C862613157800900000 /* MapsTestUITests.swift */; };
		0A150CAB26131F1500900000 /* MapViewController.swift in Sources */ = {isa = PBXBuildFile; fileRef = 0A150CAA26131F1500900000 /* MapViewController.swift */; };
		0A55DD082614895900A61E29 /* UserLocation.swift in Sources */ = {isa = PBXBuildFile; fileRef = 0A55DD072614895900A61E29 /* UserLocation.swift */; };
		0A5E0DB2261B555700A61151 /* User.swift in Sources */ = {isa = PBXBuildFile; fileRef = 0A5E0DB1261B555700A61151 /* User.swift */; };
		0A5E0DB7261B57B400A61151 /* Auth.storyboard in Resources */ = {isa = PBXBuildFile; fileRef = 0A5E0DB6261B57B400A61151 /* Auth.storyboard */; };
		0A5E0DBF261C326F00A61151 /* AuthViewController.swift in Sources */ = {isa = PBXBuildFile; fileRef = 0A5E0DBE261C326F00A61151 /* AuthViewController.swift */; };
		0A5E0DC4261C487E00A61151 /* RegistrationViewController.swift in Sources */ = {isa = PBXBuildFile; fileRef = 0A5E0DC3261C487E00A61151 /* RegistrationViewController.swift */; };
		0A5E0DD0261C4CDA00A61151 /* MenuViewController.swift in Sources */ = {isa = PBXBuildFile; fileRef = 0A5E0DCF261C4CDA00A61151 /* MenuViewController.swift */; };
		0A760746261C58190001C954 /* UIStoryboard+StoryboardIdentifiable.swift in Sources */ = {isa = PBXBuildFile; fileRef = 0A760745261C58190001C954 /* UIStoryboard+StoryboardIdentifiable.swift */; };
		0A76074D261C5AE40001C954 /* BaseRouter.swift in Sources */ = {isa = PBXBuildFile; fileRef = 0A76074C261C5AE40001C954 /* BaseRouter.swift */; };
		0AA5C632261C890D00C8B480 /* AuthRouter.swift in Sources */ = {isa = PBXBuildFile; fileRef = 0AA5C631261C890D00C8B480 /* AuthRouter.swift */; };
		0AA5C637261C8CCC00C8B480 /* MenuRouter.swift in Sources */ = {isa = PBXBuildFile; fileRef = 0AA5C636261C8CCC00C8B480 /* MenuRouter.swift */; };
		0AA5C63E261C930400C8B480 /* UserAuth.swift in Sources */ = {isa = PBXBuildFile; fileRef = 0AA5C63D261C930400C8B480 /* UserAuth.swift */; };
		0AA5C643261C9E2F00C8B480 /* RegistrationRouter.swift in Sources */ = {isa = PBXBuildFile; fileRef = 0AA5C642261C9E2F00C8B480 /* RegistrationRouter.swift */; };
		3AAB77357B6DF33375A018A1 /* Pods_MapsTest.framework in Frameworks */ = {isa = PBXBuildFile; fileRef = 38176D3D63A26AF0D9F629B8 /* Pods_MapsTest.framework */; };
/* End PBXBuildFile section */

/* Begin PBXContainerItemProxy section */
		0A150C782613157800900000 /* PBXContainerItemProxy */ = {
			isa = PBXContainerItemProxy;
			containerPortal = 0A150C592613157800900000 /* Project object */;
			proxyType = 1;
			remoteGlobalIDString = 0A150C602613157800900000;
			remoteInfo = MapsTest;
		};
		0A150C832613157800900000 /* PBXContainerItemProxy */ = {
			isa = PBXContainerItemProxy;
			containerPortal = 0A150C592613157800900000 /* Project object */;
			proxyType = 1;
			remoteGlobalIDString = 0A150C602613157800900000;
			remoteInfo = MapsTest;
		};
/* End PBXContainerItemProxy section */

/* Begin PBXFileReference section */
		0A150C612613157800900000 /* MapsTest.app */ = {isa = PBXFileReference; explicitFileType = wrapper.application; includeInIndex = 0; path = MapsTest.app; sourceTree = BUILT_PRODUCTS_DIR; };
		0A150C642613157800900000 /* AppDelegate.swift */ = {isa = PBXFileReference; lastKnownFileType = sourcecode.swift; path = AppDelegate.swift; sourceTree = "<group>"; };
		0A150C662613157800900000 /* SceneDelegate.swift */ = {isa = PBXFileReference; lastKnownFileType = sourcecode.swift; path = SceneDelegate.swift; sourceTree = "<group>"; };
		0A150C6B2613157800900000 /* Base */ = {isa = PBXFileReference; lastKnownFileType = file.storyboard; name = Base; path = Base.lproj/Main.storyboard; sourceTree = "<group>"; };
		0A150C6D2613157800900000 /* Assets.xcassets */ = {isa = PBXFileReference; lastKnownFileType = folder.assetcatalog; path = Assets.xcassets; sourceTree = "<group>"; };
		0A150C702613157800900000 /* Base */ = {isa = PBXFileReference; lastKnownFileType = file.storyboard; name = Base; path = Base.lproj/LaunchScreen.storyboard; sourceTree = "<group>"; };
		0A150C722613157800900000 /* Info.plist */ = {isa = PBXFileReference; lastKnownFileType = text.plist.xml; path = Info.plist; sourceTree = "<group>"; };
		0A150C772613157800900000 /* MapsTestTests.xctest */ = {isa = PBXFileReference; explicitFileType = wrapper.cfbundle; includeInIndex = 0; path = MapsTestTests.xctest; sourceTree = BUILT_PRODUCTS_DIR; };
		0A150C7B2613157800900000 /* MapsTestTests.swift */ = {isa = PBXFileReference; lastKnownFileType = sourcecode.swift; path = MapsTestTests.swift; sourceTree = "<group>"; };
		0A150C7D2613157800900000 /* Info.plist */ = {isa = PBXFileReference; lastKnownFileType = text.plist.xml; path = Info.plist; sourceTree = "<group>"; };
		0A150C822613157800900000 /* MapsTestUITests.xctest */ = {isa = PBXFileReference; explicitFileType = wrapper.cfbundle; includeInIndex = 0; path = MapsTestUITests.xctest; sourceTree = BUILT_PRODUCTS_DIR; };
		0A150C862613157800900000 /* MapsTestUITests.swift */ = {isa = PBXFileReference; lastKnownFileType = sourcecode.swift; path = MapsTestUITests.swift; sourceTree = "<group>"; };
		0A150C882613157800900000 /* Info.plist */ = {isa = PBXFileReference; lastKnownFileType = text.plist.xml; path = Info.plist; sourceTree = "<group>"; };
		0A150CAA26131F1500900000 /* MapViewController.swift */ = {isa = PBXFileReference; lastKnownFileType = sourcecode.swift; path = MapViewController.swift; sourceTree = "<group>"; };
		0A55DD072614895900A61E29 /* UserLocation.swift */ = {isa = PBXFileReference; lastKnownFileType = sourcecode.swift; path = UserLocation.swift; sourceTree = "<group>"; };
		0A5E0DB1261B555700A61151 /* User.swift */ = {isa = PBXFileReference; lastKnownFileType = sourcecode.swift; path = User.swift; sourceTree = "<group>"; };
		0A5E0DB6261B57B400A61151 /* Auth.storyboard */ = {isa = PBXFileReference; lastKnownFileType = file.storyboard; path = Auth.storyboard; sourceTree = "<group>"; };
		0A5E0DBE261C326F00A61151 /* AuthViewController.swift */ = {isa = PBXFileReference; lastKnownFileType = sourcecode.swift; path = AuthViewController.swift; sourceTree = "<group>"; };
		0A5E0DC3261C487E00A61151 /* RegistrationViewController.swift */ = {isa = PBXFileReference; lastKnownFileType = sourcecode.swift; path = RegistrationViewController.swift; sourceTree = "<group>"; };
		0A5E0DCF261C4CDA00A61151 /* MenuViewController.swift */ = {isa = PBXFileReference; lastKnownFileType = sourcecode.swift; path = MenuViewController.swift; sourceTree = "<group>"; };
		0A760745261C58190001C954 /* UIStoryboard+StoryboardIdentifiable.swift */ = {isa = PBXFileReference; lastKnownFileType = sourcecode.swift; path = "UIStoryboard+StoryboardIdentifiable.swift"; sourceTree = "<group>"; };
		0A76074C261C5AE40001C954 /* BaseRouter.swift */ = {isa = PBXFileReference; lastKnownFileType = sourcecode.swift; path = BaseRouter.swift; sourceTree = "<group>"; };
		0A85EB2DCBB3560A575F59A9 /* Pods-MapsTest.release.xcconfig */ = {isa = PBXFileReference; includeInIndex = 1; lastKnownFileType = text.xcconfig; name = "Pods-MapsTest.release.xcconfig"; path = "Target Support Files/Pods-MapsTest/Pods-MapsTest.release.xcconfig"; sourceTree = "<group>"; };
		0AA5C631261C890D00C8B480 /* AuthRouter.swift */ = {isa = PBXFileReference; lastKnownFileType = sourcecode.swift; path = AuthRouter.swift; sourceTree = "<group>"; };
		0AA5C636261C8CCC00C8B480 /* MenuRouter.swift */ = {isa = PBXFileReference; lastKnownFileType = sourcecode.swift; path = MenuRouter.swift; sourceTree = "<group>"; };
		0AA5C63D261C930400C8B480 /* UserAuth.swift */ = {isa = PBXFileReference; lastKnownFileType = sourcecode.swift; path = UserAuth.swift; sourceTree = "<group>"; };
		0AA5C642261C9E2F00C8B480 /* RegistrationRouter.swift */ = {isa = PBXFileReference; lastKnownFileType = sourcecode.swift; path = RegistrationRouter.swift; sourceTree = "<group>"; };
		38176D3D63A26AF0D9F629B8 /* Pods_MapsTest.framework */ = {isa = PBXFileReference; explicitFileType = wrapper.framework; includeInIndex = 0; path = Pods_MapsTest.framework; sourceTree = BUILT_PRODUCTS_DIR; };
		CA8AB7AD89AC582009222969 /* Pods-MapsTest.debug.xcconfig */ = {isa = PBXFileReference; includeInIndex = 1; lastKnownFileType = text.xcconfig; name = "Pods-MapsTest.debug.xcconfig"; path = "Target Support Files/Pods-MapsTest/Pods-MapsTest.debug.xcconfig"; sourceTree = "<group>"; };
/* End PBXFileReference section */

/* Begin PBXFrameworksBuildPhase section */
		0A150C5E2613157800900000 /* Frameworks */ = {
			isa = PBXFrameworksBuildPhase;
			buildActionMask = 2147483647;
			files = (
				3AAB77357B6DF33375A018A1 /* Pods_MapsTest.framework in Frameworks */,
			);
			runOnlyForDeploymentPostprocessing = 0;
		};
		0A150C742613157800900000 /* Frameworks */ = {
			isa = PBXFrameworksBuildPhase;
			buildActionMask = 2147483647;
			files = (
			);
			runOnlyForDeploymentPostprocessing = 0;
		};
		0A150C7F2613157800900000 /* Frameworks */ = {
			isa = PBXFrameworksBuildPhase;
			buildActionMask = 2147483647;
			files = (
			);
			runOnlyForDeploymentPostprocessing = 0;
		};
/* End PBXFrameworksBuildPhase section */

/* Begin PBXGroup section */
		0A150C582613157800900000 = {
			isa = PBXGroup;
			children = (
				0A150C632613157800900000 /* MapsTest */,
				0A150C7A2613157800900000 /* MapsTestTests */,
				0A150C852613157800900000 /* MapsTestUITests */,
				0A150C622613157800900000 /* Products */,
				0B843C48BD645F5EE807FCDB /* Pods */,
				605CD1DCBD48E6CF12916826 /* Frameworks */,
			);
			sourceTree = "<group>";
		};
		0A150C622613157800900000 /* Products */ = {
			isa = PBXGroup;
			children = (
				0A150C612613157800900000 /* MapsTest.app */,
				0A150C772613157800900000 /* MapsTestTests.xctest */,
				0A150C822613157800900000 /* MapsTestUITests.xctest */,
			);
			name = Products;
			sourceTree = "<group>";
		};
		0A150C632613157800900000 /* MapsTest */ = {
			isa = PBXGroup;
			children = (
				0A76074A261C5AC40001C954 /* Core */,
				0A5E0DBB261C2C5F00A61151 /* App */,
				0A150C6D2613157800900000 /* Assets.xcassets */,
				0A150C6F2613157800900000 /* LaunchScreen.storyboard */,
				0A150C722613157800900000 /* Info.plist */,
			);
			path = MapsTest;
			sourceTree = "<group>";
		};
		0A150C7A2613157800900000 /* MapsTestTests */ = {
			isa = PBXGroup;
			children = (
				0A150C7B2613157800900000 /* MapsTestTests.swift */,
				0A150C7D2613157800900000 /* Info.plist */,
			);
			path = MapsTestTests;
			sourceTree = "<group>";
		};
		0A150C852613157800900000 /* MapsTestUITests */ = {
			isa = PBXGroup;
			children = (
				0A150C862613157800900000 /* MapsTestUITests.swift */,
				0A150C882613157800900000 /* Info.plist */,
			);
			path = MapsTestUITests;
			sourceTree = "<group>";
		};
		0A5E0DBB261C2C5F00A61151 /* App */ = {
			isa = PBXGroup;
			children = (
				0AA5C63C261C924A00C8B480 /* BusinessLogic */,
				0A150C642613157800900000 /* AppDelegate.swift */,
				0A150C662613157800900000 /* SceneDelegate.swift */,
				0AA5C63B261C91CD00C8B480 /* Entity */,
				0A5E0DBC261C2C6600A61151 /* Flows */,
			);
			path = App;
			sourceTree = "<group>";
		};
		0A5E0DBC261C2C6600A61151 /* Flows */ = {
			isa = PBXGroup;
			children = (
				0A5E0DC8261C4BC800A61151 /* Map */,
				0A5E0DBD261C2D5500A61151 /* Auth */,
				0A760745261C58190001C954 /* UIStoryboard+StoryboardIdentifiable.swift */,
			);
			path = Flows;
			sourceTree = "<group>";
		};
		0A5E0DBD261C2D5500A61151 /* Auth */ = {
			isa = PBXGroup;
			children = (
				0A5E0DB6261B57B400A61151 /* Auth.storyboard */,
				0A5E0DBE261C326F00A61151 /* AuthViewController.swift */,
				0A5E0DC3261C487E00A61151 /* RegistrationViewController.swift */,
				0AA5C631261C890D00C8B480 /* AuthRouter.swift */,
				0AA5C642261C9E2F00C8B480 /* RegistrationRouter.swift */,
			);
			path = Auth;
			sourceTree = "<group>";
		};
		0A5E0DC8261C4BC800A61151 /* Map */ = {
			isa = PBXGroup;
			children = (
				0A150CAA26131F1500900000 /* MapViewController.swift */,
				0A150C6A2613157800900000 /* Main.storyboard */,
				0A5E0DCF261C4CDA00A61151 /* MenuViewController.swift */,
				0AA5C636261C8CCC00C8B480 /* MenuRouter.swift */,
			);
			path = Map;
			sourceTree = "<group>";
		};
		0A76074A261C5AC40001C954 /* Core */ = {
			isa = PBXGroup;
			children = (
				0A76074B261C5AD30001C954 /* Router */,
			);
			path = Core;
			sourceTree = "<group>";
		};
		0A76074B261C5AD30001C954 /* Router */ = {
			isa = PBXGroup;
			children = (
				0A76074C261C5AE40001C954 /* BaseRouter.swift */,
			);
			path = Router;
			sourceTree = "<group>";
		};
		0AA5C63B261C91CD00C8B480 /* Entity */ = {
			isa = PBXGroup;
			children = (
				0A5E0DB1261B555700A61151 /* User.swift */,
				0A55DD072614895900A61E29 /* UserLocation.swift */,
			);
			path = Entity;
			sourceTree = "<group>";
		};
		0AA5C63C261C924A00C8B480 /* BusinessLogic */ = {
			isa = PBXGroup;
			children = (
				0AA5C63D261C930400C8B480 /* UserAuth.swift */,
			);
			path = BusinessLogic;
			sourceTree = "<group>";
		};
		0B843C48BD645F5EE807FCDB /* Pods */ = {
			isa = PBXGroup;
			children = (
				CA8AB7AD89AC582009222969 /* Pods-MapsTest.debug.xcconfig */,
				0A85EB2DCBB3560A575F59A9 /* Pods-MapsTest.release.xcconfig */,
			);
			path = Pods;
			sourceTree = "<group>";
		};
		605CD1DCBD48E6CF12916826 /* Frameworks */ = {
			isa = PBXGroup;
			children = (
				38176D3D63A26AF0D9F629B8 /* Pods_MapsTest.framework */,
			);
			name = Frameworks;
			sourceTree = "<group>";
		};
/* End PBXGroup section */

/* Begin PBXNativeTarget section */
		0A150C602613157800900000 /* MapsTest */ = {
			isa = PBXNativeTarget;
			buildConfigurationList = 0A150C8B2613157800900000 /* Build configuration list for PBXNativeTarget "MapsTest" */;
			buildPhases = (
				559ECC00BC7A36E7049024AC /* [CP] Check Pods Manifest.lock */,
				0A150C5D2613157800900000 /* Sources */,
				0A150C5E2613157800900000 /* Frameworks */,
				0A150C5F2613157800900000 /* Resources */,
				BFB9ADEACA80902B4437CE2F /* [CP] Copy Pods Resources */,
				70FA9B3993C935F8F8ABC32C /* [CP] Embed Pods Frameworks */,
			);
			buildRules = (
			);
			dependencies = (
			);
			name = MapsTest;
			productName = MapsTest;
			productReference = 0A150C612613157800900000 /* MapsTest.app */;
			productType = "com.apple.product-type.application";
		};
		0A150C762613157800900000 /* MapsTestTests */ = {
			isa = PBXNativeTarget;
			buildConfigurationList = 0A150C8E2613157800900000 /* Build configuration list for PBXNativeTarget "MapsTestTests" */;
			buildPhases = (
				0A150C732613157800900000 /* Sources */,
				0A150C742613157800900000 /* Frameworks */,
				0A150C752613157800900000 /* Resources */,
			);
			buildRules = (
			);
			dependencies = (
				0A150C792613157800900000 /* PBXTargetDependency */,
			);
			name = MapsTestTests;
			productName = MapsTestTests;
			productReference = 0A150C772613157800900000 /* MapsTestTests.xctest */;
			productType = "com.apple.product-type.bundle.unit-test";
		};
		0A150C812613157800900000 /* MapsTestUITests */ = {
			isa = PBXNativeTarget;
			buildConfigurationList = 0A150C912613157800900000 /* Build configuration list for PBXNativeTarget "MapsTestUITests" */;
			buildPhases = (
				0A150C7E2613157800900000 /* Sources */,
				0A150C7F2613157800900000 /* Frameworks */,
				0A150C802613157800900000 /* Resources */,
			);
			buildRules = (
			);
			dependencies = (
				0A150C842613157800900000 /* PBXTargetDependency */,
			);
			name = MapsTestUITests;
			productName = MapsTestUITests;
			productReference = 0A150C822613157800900000 /* MapsTestUITests.xctest */;
			productType = "com.apple.product-type.bundle.ui-testing";
		};
/* End PBXNativeTarget section */

/* Begin PBXProject section */
		0A150C592613157800900000 /* Project object */ = {
			isa = PBXProject;
			attributes = {
				LastSwiftUpdateCheck = 1240;
				LastUpgradeCheck = 1240;
				TargetAttributes = {
					0A150C602613157800900000 = {
						CreatedOnToolsVersion = 12.4;
					};
					0A150C762613157800900000 = {
						CreatedOnToolsVersion = 12.4;
						TestTargetID = 0A150C602613157800900000;
					};
					0A150C812613157800900000 = {
						CreatedOnToolsVersion = 12.4;
						TestTargetID = 0A150C602613157800900000;
					};
				};
			};
			buildConfigurationList = 0A150C5C2613157800900000 /* Build configuration list for PBXProject "MapsTest" */;
			compatibilityVersion = "Xcode 9.3";
			developmentRegion = en;
			hasScannedForEncodings = 0;
			knownRegions = (
				en,
				Base,
			);
			mainGroup = 0A150C582613157800900000;
			productRefGroup = 0A150C622613157800900000 /* Products */;
			projectDirPath = "";
			projectRoot = "";
			targets = (
				0A150C602613157800900000 /* MapsTest */,
				0A150C762613157800900000 /* MapsTestTests */,
				0A150C812613157800900000 /* MapsTestUITests */,
			);
		};
/* End PBXProject section */

/* Begin PBXResourcesBuildPhase section */
		0A150C5F2613157800900000 /* Resources */ = {
			isa = PBXResourcesBuildPhase;
			buildActionMask = 2147483647;
			files = (
				0A5E0DB7261B57B400A61151 /* Auth.storyboard in Resources */,
				0A150C712613157800900000 /* LaunchScreen.storyboard in Resources */,
				0A150C6E2613157800900000 /* Assets.xcassets in Resources */,
				0A150C6C2613157800900000 /* Main.storyboard in Resources */,
			);
			runOnlyForDeploymentPostprocessing = 0;
		};
		0A150C752613157800900000 /* Resources */ = {
			isa = PBXResourcesBuildPhase;
			buildActionMask = 2147483647;
			files = (
			);
			runOnlyForDeploymentPostprocessing = 0;
		};
		0A150C802613157800900000 /* Resources */ = {
			isa = PBXResourcesBuildPhase;
			buildActionMask = 2147483647;
			files = (
			);
			runOnlyForDeploymentPostprocessing = 0;
		};
/* End PBXResourcesBuildPhase section */

/* Begin PBXShellScriptBuildPhase section */
		559ECC00BC7A36E7049024AC /* [CP] Check Pods Manifest.lock */ = {
			isa = PBXShellScriptBuildPhase;
			buildActionMask = 2147483647;
			files = (
			);
			inputFileListPaths = (
			);
			inputPaths = (
				"${PODS_PODFILE_DIR_PATH}/Podfile.lock",
				"${PODS_ROOT}/Manifest.lock",
			);
			name = "[CP] Check Pods Manifest.lock";
			outputFileListPaths = (
			);
			outputPaths = (
				"$(DERIVED_FILE_DIR)/Pods-MapsTest-checkManifestLockResult.txt",
			);
			runOnlyForDeploymentPostprocessing = 0;
			shellPath = /bin/sh;
			shellScript = "diff \"${PODS_PODFILE_DIR_PATH}/Podfile.lock\" \"${PODS_ROOT}/Manifest.lock\" > /dev/null\nif [ $? != 0 ] ; then\n    # print error to STDERR\n    echo \"error: The sandbox is not in sync with the Podfile.lock. Run 'pod install' or update your CocoaPods installation.\" >&2\n    exit 1\nfi\n# This output is used by Xcode 'outputs' to avoid re-running this script phase.\necho \"SUCCESS\" > \"${SCRIPT_OUTPUT_FILE_0}\"\n";
			showEnvVarsInLog = 0;
		};
		70FA9B3993C935F8F8ABC32C /* [CP] Embed Pods Frameworks */ = {
			isa = PBXShellScriptBuildPhase;
			buildActionMask = 2147483647;
			files = (
			);
			inputFileListPaths = (
				"${PODS_ROOT}/Target Support Files/Pods-MapsTest/Pods-MapsTest-frameworks-${CONFIGURATION}-input-files.xcfilelist",
			);
			name = "[CP] Embed Pods Frameworks";
			outputFileListPaths = (
				"${PODS_ROOT}/Target Support Files/Pods-MapsTest/Pods-MapsTest-frameworks-${CONFIGURATION}-output-files.xcfilelist",
			);
			runOnlyForDeploymentPostprocessing = 0;
			shellPath = /bin/sh;
			shellScript = "\"${PODS_ROOT}/Target Support Files/Pods-MapsTest/Pods-MapsTest-frameworks.sh\"\n";
			showEnvVarsInLog = 0;
		};
		BFB9ADEACA80902B4437CE2F /* [CP] Copy Pods Resources */ = {
			isa = PBXShellScriptBuildPhase;
			buildActionMask = 2147483647;
			files = (
			);
			inputFileListPaths = (
				"${PODS_ROOT}/Target Support Files/Pods-MapsTest/Pods-MapsTest-resources-${CONFIGURATION}-input-files.xcfilelist",
			);
			name = "[CP] Copy Pods Resources";
			outputFileListPaths = (
				"${PODS_ROOT}/Target Support Files/Pods-MapsTest/Pods-MapsTest-resources-${CONFIGURATION}-output-files.xcfilelist",
			);
			runOnlyForDeploymentPostprocessing = 0;
			shellPath = /bin/sh;
			shellScript = "\"${PODS_ROOT}/Target Support Files/Pods-MapsTest/Pods-MapsTest-resources.sh\"\n";
			showEnvVarsInLog = 0;
		};
/* End PBXShellScriptBuildPhase section */

/* Begin PBXSourcesBuildPhase section */
		0A150C5D2613157800900000 /* Sources */ = {
			isa = PBXSourcesBuildPhase;
			buildActionMask = 2147483647;
			files = (
				0A150C652613157800900000 /* AppDelegate.swift in Sources */,
				0A55DD082614895900A61E29 /* UserLocation.swift in Sources */,
				0A150CAB26131F1500900000 /* MapViewController.swift in Sources */,
				0A5E0DB2261B555700A61151 /* User.swift in Sources */,
				0A5E0DC4261C487E00A61151 /* RegistrationViewController.swift in Sources */,
				0AA5C643261C9E2F00C8B480 /* RegistrationRouter.swift in Sources */,
				0AA5C637261C8CCC00C8B480 /* MenuRouter.swift in Sources */,
				0AA5C63E261C930400C8B480 /* UserAuth.swift in Sources */,
				0A760746261C58190001C954 /* UIStoryboard+StoryboardIdentifiable.swift in Sources */,
				0A5E0DBF261C326F00A61151 /* AuthViewController.swift in Sources */,
				0A76074D261C5AE40001C954 /* BaseRouter.swift in Sources */,
				0AA5C632261C890D00C8B480 /* AuthRouter.swift in Sources */,
				0A150C672613157800900000 /* SceneDelegate.swift in Sources */,
				0A5E0DD0261C4CDA00A61151 /* MenuViewController.swift in Sources */,
			);
			runOnlyForDeploymentPostprocessing = 0;
		};
		0A150C732613157800900000 /* Sources */ = {
			isa = PBXSourcesBuildPhase;
			buildActionMask = 2147483647;
			files = (
				0A150C7C2613157800900000 /* MapsTestTests.swift in Sources */,
			);
			runOnlyForDeploymentPostprocessing = 0;
		};
		0A150C7E2613157800900000 /* Sources */ = {
			isa = PBXSourcesBuildPhase;
			buildActionMask = 2147483647;
			files = (
				0A150C872613157800900000 /* MapsTestUITests.swift in Sources */,
			);
			runOnlyForDeploymentPostprocessing = 0;
		};
/* End PBXSourcesBuildPhase section */

/* Begin PBXTargetDependency section */
		0A150C792613157800900000 /* PBXTargetDependency */ = {
			isa = PBXTargetDependency;
			target = 0A150C602613157800900000 /* MapsTest */;
			targetProxy = 0A150C782613157800900000 /* PBXContainerItemProxy */;
		};
		0A150C842613157800900000 /* PBXTargetDependency */ = {
			isa = PBXTargetDependency;
			target = 0A150C602613157800900000 /* MapsTest */;
			targetProxy = 0A150C832613157800900000 /* PBXContainerItemProxy */;
		};
/* End PBXTargetDependency section */

/* Begin PBXVariantGroup section */
		0A150C6A2613157800900000 /* Main.storyboard */ = {
			isa = PBXVariantGroup;
			children = (
				0A150C6B2613157800900000 /* Base */,
			);
			name = Main.storyboard;
			sourceTree = "<group>";
		};
		0A150C6F2613157800900000 /* LaunchScreen.storyboard */ = {
			isa = PBXVariantGroup;
			children = (
				0A150C702613157800900000 /* Base */,
			);
			name = LaunchScreen.storyboard;
			sourceTree = "<group>";
		};
/* End PBXVariantGroup section */

/* Begin XCBuildConfiguration section */
		0A150C892613157800900000 /* Debug */ = {
			isa = XCBuildConfiguration;
			buildSettings = {
				ALWAYS_EMBED_SWIFT_STANDARD_LIBRARIES = NO;
				ALWAYS_SEARCH_USER_PATHS = NO;
				CLANG_ANALYZER_NONNULL = YES;
				CLANG_ANALYZER_NUMBER_OBJECT_CONVERSION = YES_AGGRESSIVE;
				CLANG_CXX_LANGUAGE_STANDARD = "gnu++14";
				CLANG_CXX_LIBRARY = "libc++";
				CLANG_ENABLE_MODULES = YES;
				CLANG_ENABLE_OBJC_ARC = YES;
				CLANG_ENABLE_OBJC_WEAK = YES;
				CLANG_WARN_BLOCK_CAPTURE_AUTORELEASING = YES;
				CLANG_WARN_BOOL_CONVERSION = YES;
				CLANG_WARN_COMMA = YES;
				CLANG_WARN_CONSTANT_CONVERSION = YES;
				CLANG_WARN_DEPRECATED_OBJC_IMPLEMENTATIONS = YES;
				CLANG_WARN_DIRECT_OBJC_ISA_USAGE = YES_ERROR;
				CLANG_WARN_DOCUMENTATION_COMMENTS = YES;
				CLANG_WARN_EMPTY_BODY = YES;
				CLANG_WARN_ENUM_CONVERSION = YES;
				CLANG_WARN_INFINITE_RECURSION = YES;
				CLANG_WARN_INT_CONVERSION = YES;
				CLANG_WARN_NON_LITERAL_NULL_CONVERSION = YES;
				CLANG_WARN_OBJC_IMPLICIT_RETAIN_SELF = YES;
				CLANG_WARN_OBJC_LITERAL_CONVERSION = YES;
				CLANG_WARN_OBJC_ROOT_CLASS = YES_ERROR;
				CLANG_WARN_QUOTED_INCLUDE_IN_FRAMEWORK_HEADER = YES;
				CLANG_WARN_RANGE_LOOP_ANALYSIS = YES;
				CLANG_WARN_STRICT_PROTOTYPES = YES;
				CLANG_WARN_SUSPICIOUS_MOVE = YES;
				CLANG_WARN_UNGUARDED_AVAILABILITY = YES_AGGRESSIVE;
				CLANG_WARN_UNREACHABLE_CODE = YES;
				CLANG_WARN__DUPLICATE_METHOD_MATCH = YES;
				COPY_PHASE_STRIP = NO;
				DEBUG_INFORMATION_FORMAT = dwarf;
				ENABLE_STRICT_OBJC_MSGSEND = YES;
				ENABLE_TESTABILITY = YES;
				"EXCLUDED_ARCHS[sdk=iphonesimulator*]" = arm64;
				GCC_C_LANGUAGE_STANDARD = gnu11;
				GCC_DYNAMIC_NO_PIC = NO;
				GCC_NO_COMMON_BLOCKS = YES;
				GCC_OPTIMIZATION_LEVEL = 0;
				GCC_PREPROCESSOR_DEFINITIONS = (
					"DEBUG=1",
					"$(inherited)",
				);
				GCC_WARN_64_TO_32_BIT_CONVERSION = YES;
				GCC_WARN_ABOUT_RETURN_TYPE = YES_ERROR;
				GCC_WARN_UNDECLARED_SELECTOR = YES;
				GCC_WARN_UNINITIALIZED_AUTOS = YES_AGGRESSIVE;
				GCC_WARN_UNUSED_FUNCTION = YES;
				GCC_WARN_UNUSED_VARIABLE = YES;
				IPHONEOS_DEPLOYMENT_TARGET = 14.4;
				MTL_ENABLE_DEBUG_INFO = INCLUDE_SOURCE;
				MTL_FAST_MATH = YES;
				ONLY_ACTIVE_ARCH = YES;
				SDKROOT = iphoneos;
				SWIFT_ACTIVE_COMPILATION_CONDITIONS = DEBUG;
				SWIFT_OPTIMIZATION_LEVEL = "-Onone";
			};
			name = Debug;
		};
		0A150C8A2613157800900000 /* Release */ = {
			isa = XCBuildConfiguration;
			buildSettings = {
				ALWAYS_EMBED_SWIFT_STANDARD_LIBRARIES = NO;
				ALWAYS_SEARCH_USER_PATHS = NO;
				CLANG_ANALYZER_NONNULL = YES;
				CLANG_ANALYZER_NUMBER_OBJECT_CONVERSION = YES_AGGRESSIVE;
				CLANG_CXX_LANGUAGE_STANDARD = "gnu++14";
				CLANG_CXX_LIBRARY = "libc++";
				CLANG_ENABLE_MODULES = YES;
				CLANG_ENABLE_OBJC_ARC = YES;
				CLANG_ENABLE_OBJC_WEAK = YES;
				CLANG_WARN_BLOCK_CAPTURE_AUTORELEASING = YES;
				CLANG_WARN_BOOL_CONVERSION = YES;
				CLANG_WARN_COMMA = YES;
				CLANG_WARN_CONSTANT_CONVERSION = YES;
				CLANG_WARN_DEPRECATED_OBJC_IMPLEMENTATIONS = YES;
				CLANG_WARN_DIRECT_OBJC_ISA_USAGE = YES_ERROR;
				CLANG_WARN_DOCUMENTATION_COMMENTS = YES;
				CLANG_WARN_EMPTY_BODY = YES;
				CLANG_WARN_ENUM_CONVERSION = YES;
				CLANG_WARN_INFINITE_RECURSION = YES;
				CLANG_WARN_INT_CONVERSION = YES;
				CLANG_WARN_NON_LITERAL_NULL_CONVERSION = YES;
				CLANG_WARN_OBJC_IMPLICIT_RETAIN_SELF = YES;
				CLANG_WARN_OBJC_LITERAL_CONVERSION = YES;
				CLANG_WARN_OBJC_ROOT_CLASS = YES_ERROR;
				CLANG_WARN_QUOTED_INCLUDE_IN_FRAMEWORK_HEADER = YES;
				CLANG_WARN_RANGE_LOOP_ANALYSIS = YES;
				CLANG_WARN_STRICT_PROTOTYPES = YES;
				CLANG_WARN_SUSPICIOUS_MOVE = YES;
				CLANG_WARN_UNGUARDED_AVAILABILITY = YES_AGGRESSIVE;
				CLANG_WARN_UNREACHABLE_CODE = YES;
				CLANG_WARN__DUPLICATE_METHOD_MATCH = YES;
				COPY_PHASE_STRIP = NO;
				DEBUG_INFORMATION_FORMAT = "dwarf-with-dsym";
				ENABLE_NS_ASSERTIONS = NO;
				ENABLE_STRICT_OBJC_MSGSEND = YES;
				"EXCLUDED_ARCHS[sdk=iphonesimulator*]" = arm64;
				GCC_C_LANGUAGE_STANDARD = gnu11;
				GCC_NO_COMMON_BLOCKS = YES;
				GCC_WARN_64_TO_32_BIT_CONVERSION = YES;
				GCC_WARN_ABOUT_RETURN_TYPE = YES_ERROR;
				GCC_WARN_UNDECLARED_SELECTOR = YES;
				GCC_WARN_UNINITIALIZED_AUTOS = YES_AGGRESSIVE;
				GCC_WARN_UNUSED_FUNCTION = YES;
				GCC_WARN_UNUSED_VARIABLE = YES;
				IPHONEOS_DEPLOYMENT_TARGET = 14.4;
				MTL_ENABLE_DEBUG_INFO = NO;
				MTL_FAST_MATH = YES;
				SDKROOT = iphoneos;
				SWIFT_COMPILATION_MODE = wholemodule;
				SWIFT_OPTIMIZATION_LEVEL = "-O";
				VALIDATE_PRODUCT = YES;
			};
			name = Release;
		};
		0A150C8C2613157800900000 /* Debug */ = {
			isa = XCBuildConfiguration;
			baseConfigurationReference = CA8AB7AD89AC582009222969 /* Pods-MapsTest.debug.xcconfig */;
			buildSettings = {
				ASSETCATALOG_COMPILER_APPICON_NAME = AppIcon;
				ASSETCATALOG_COMPILER_GLOBAL_ACCENT_COLOR_NAME = AccentColor;
				CODE_SIGN_STYLE = Automatic;
				DEVELOPMENT_TEAM = 5Z82GNTN9R;
				"EXCLUDED_ARCHS[sdk=iphonesimulator*]" = arm64;
				INFOPLIST_FILE = MapsTest/Info.plist;
				LD_RUNPATH_SEARCH_PATHS = (
					"$(inherited)",
					"@executable_path/Frameworks",
				);
				PRODUCT_BUNDLE_IDENTIFIER = com.dvandyshev.MapsTest;
				PRODUCT_NAME = "$(TARGET_NAME)";
				SWIFT_VERSION = 5.0;
				TARGETED_DEVICE_FAMILY = "1,2";
			};
			name = Debug;
		};
		0A150C8D2613157800900000 /* Release */ = {
			isa = XCBuildConfiguration;
			baseConfigurationReference = 0A85EB2DCBB3560A575F59A9 /* Pods-MapsTest.release.xcconfig */;
			buildSettings = {
				ASSETCATALOG_COMPILER_APPICON_NAME = AppIcon;
				ASSETCATALOG_COMPILER_GLOBAL_ACCENT_COLOR_NAME = AccentColor;
				CODE_SIGN_STYLE = Automatic;
				DEVELOPMENT_TEAM = 5Z82GNTN9R;
				"EXCLUDED_ARCHS[sdk=iphonesimulator*]" = arm64;
				INFOPLIST_FILE = MapsTest/Info.plist;
				LD_RUNPATH_SEARCH_PATHS = (
					"$(inherited)",
					"@executable_path/Frameworks",
				);
				ONLY_ACTIVE_ARCH = NO;
				PRODUCT_BUNDLE_IDENTIFIER = com.dvandyshev.MapsTest;
				PRODUCT_NAME = "$(TARGET_NAME)";
				SWIFT_VERSION = 5.0;
				TARGETED_DEVICE_FAMILY = "1,2";
			};
			name = Release;
		};
		0A150C8F2613157800900000 /* Debug */ = {
			isa = XCBuildConfiguration;
			buildSettings = {
				ALWAYS_EMBED_SWIFT_STANDARD_LIBRARIES = YES;
				BUNDLE_LOADER = "$(TEST_HOST)";
				CODE_SIGN_STYLE = Automatic;
				DEVELOPMENT_TEAM = 5Z82GNTN9R;
				INFOPLIST_FILE = MapsTestTests/Info.plist;
				IPHONEOS_DEPLOYMENT_TARGET = 14.4;
				LD_RUNPATH_SEARCH_PATHS = (
					"$(inherited)",
					"@executable_path/Frameworks",
					"@loader_path/Frameworks",
				);
				PRODUCT_BUNDLE_IDENTIFIER = com.dvandyshev.MapsTestTests;
				PRODUCT_NAME = "$(TARGET_NAME)";
				SWIFT_VERSION = 5.0;
				TARGETED_DEVICE_FAMILY = "1,2";
				TEST_HOST = "$(BUILT_PRODUCTS_DIR)/MapsTest.app/MapsTest";
			};
			name = Debug;
		};
		0A150C902613157800900000 /* Release */ = {
			isa = XCBuildConfiguration;
			buildSettings = {
				ALWAYS_EMBED_SWIFT_STANDARD_LIBRARIES = YES;
				BUNDLE_LOADER = "$(TEST_HOST)";
				CODE_SIGN_STYLE = Automatic;
				DEVELOPMENT_TEAM = 5Z82GNTN9R;
				INFOPLIST_FILE = MapsTestTests/Info.plist;
				IPHONEOS_DEPLOYMENT_TARGET = 14.4;
				LD_RUNPATH_SEARCH_PATHS = (
					"$(inherited)",
					"@executable_path/Frameworks",
					"@loader_path/Frameworks",
				);
				PRODUCT_BUNDLE_IDENTIFIER = com.dvandyshev.MapsTestTests;
				PRODUCT_NAME = "$(TARGET_NAME)";
				SWIFT_VERSION = 5.0;
				TARGETED_DEVICE_FAMILY = "1,2";
				TEST_HOST = "$(BUILT_PRODUCTS_DIR)/MapsTest.app/MapsTest";
			};
			name = Release;
		};
		0A150C922613157800900000 /* Debug */ = {
			isa = XCBuildConfiguration;
			buildSettings = {
				ALWAYS_EMBED_SWIFT_STANDARD_LIBRARIES = YES;
				CODE_SIGN_STYLE = Automatic;
				DEVELOPMENT_TEAM = 5Z82GNTN9R;
				INFOPLIST_FILE = MapsTestUITests/Info.plist;
				LD_RUNPATH_SEARCH_PATHS = (
					"$(inherited)",
					"@executable_path/Frameworks",
					"@loader_path/Frameworks",
				);
				PRODUCT_BUNDLE_IDENTIFIER = com.dvandyshev.MapsTestUITests;
				PRODUCT_NAME = "$(TARGET_NAME)";
				SWIFT_VERSION = 5.0;
				TARGETED_DEVICE_FAMILY = "1,2";
				TEST_TARGET_NAME = MapsTest;
			};
			name = Debug;
		};
		0A150C932613157800900000 /* Release */ = {
			isa = XCBuildConfiguration;
			buildSettings = {
				ALWAYS_EMBED_SWIFT_STANDARD_LIBRARIES = YES;
				CODE_SIGN_STYLE = Automatic;
				DEVELOPMENT_TEAM = 5Z82GNTN9R;
				INFOPLIST_FILE = MapsTestUITests/Info.plist;
				LD_RUNPATH_SEARCH_PATHS = (
					"$(inherited)",
					"@executable_path/Frameworks",
					"@loader_path/Frameworks",
				);
				PRODUCT_BUNDLE_IDENTIFIER = com.dvandyshev.MapsTestUITests;
				PRODUCT_NAME = "$(TARGET_NAME)";
				SWIFT_VERSION = 5.0;
				TARGETED_DEVICE_FAMILY = "1,2";
				TEST_TARGET_NAME = MapsTest;
			};
			name = Release;
		};
/* End XCBuildConfiguration section */

/* Begin XCConfigurationList section */
		0A150C5C2613157800900000 /* Build configuration list for PBXProject "MapsTest" */ = {
			isa = XCConfigurationList;
			buildConfigurations = (
				0A150C892613157800900000 /* Debug */,
				0A150C8A2613157800900000 /* Release */,
			);
			defaultConfigurationIsVisible = 0;
			defaultConfigurationName = Release;
		};
		0A150C8B2613157800900000 /* Build configuration list for PBXNativeTarget "MapsTest" */ = {
			isa = XCConfigurationList;
			buildConfigurations = (
				0A150C8C2613157800900000 /* Debug */,
				0A150C8D2613157800900000 /* Release */,
			);
			defaultConfigurationIsVisible = 0;
			defaultConfigurationName = Release;
		};
		0A150C8E2613157800900000 /* Build configuration list for PBXNativeTarget "MapsTestTests" */ = {
			isa = XCConfigurationList;
			buildConfigurations = (
				0A150C8F2613157800900000 /* Debug */,
				0A150C902613157800900000 /* Release */,
			);
			defaultConfigurationIsVisible = 0;
			defaultConfigurationName = Release;
		};
		0A150C912613157800900000 /* Build configuration list for PBXNativeTarget "MapsTestUITests" */ = {
			isa = XCConfigurationList;
			buildConfigurations = (
				0A150C922613157800900000 /* Debug */,
				0A150C932613157800900000 /* Release */,
			);
			defaultConfigurationIsVisible = 0;
			defaultConfigurationName = Release;
		};
/* End XCConfigurationList section */
	};
	rootObject = 0A150C592613157800900000 /* Project object */;
}
